# THIS IS AN AUTOGENERATED FILE. DO NOT EDIT THIS FILE DIRECTLY.
# yarn lockfile v1


"@js-joda/core@3.2.0":
  version "3.2.0"
  resolved "https://registry.yarnpkg.com/@js-joda/core/-/core-3.2.0.tgz#3e61e21b7b2b8a6be746df1335cf91d70db2a273"
  integrity sha512-PMqgJ0sw5B7FKb2d5bWYIoxjri+QlW/Pys7+Rw82jSH0QN3rB05jZ/VrrsUdh1w4+i2kw9JOejXGq/KhDOX7Kg==

"@mediabunny/mp3-encoder@1.59.0":
  version "1.59.0"
  resolved "https://registry.yarnpkg.com/@mediabunny/mp3-encoder/-/mp3-encoder-1.59.0.tgz#dffc023db7d69b08d476bed23e0e6473eed5bd3a"
  integrity sha512-r37dKBjn902UmHTrdHXApIJepOeODFlPCpUT1tcxSXQ7QI+VMvfRDrr0rDEpOohzZ+ZOKDzB+gg+uiWmg2uOiQ==

"@napi-rs/canvas-android-arm64@1.0.9":
  version "1.0.9"
  resolved "https://registry.yarnpkg.com/@napi-rs/canvas-android-arm64/-/canvas-android-arm64-1.0.9.tgz#92dc0654d6e6af85d6410bb7c6ad7734f2473c7f"
  integrity sha512-4LGXk2/0HVzE29K8SzML5WubgCp++B1FH3qgl35XmSZE+lLdr6P9VRQEnZ0MCLZMTSuJP41yyhtoiVNEuvrTIA==

"@napi-rs/canvas-darwin-arm64@1.0.9":
  version "1.0.9"
  resolved "https://registry.yarnpkg.com/@napi-rs/canvas-darwin-arm64/-/canvas-darwin-arm64-1.0.9.tgz#f87ad4b981613c912c0784378ce35b58949eb6f9"
  integrity sha512-YNdfLBzY0W/Pep9fo2L6RmoNlNksnn05LRnX66W63R3ij58S25QOTcjdtEt2v8+PnCESzqZsYzUo+QPeIR44NA==

"@napi-rs/canvas-darwin-x64@1.0.9":
  version "1.0.9"
  resolved "https://registry.yarnpkg.com/@napi-rs/canvas-darwin-x64/-/canvas-darwin-x64-1.0.9.tgz#7357c90ca27caf89b8edd2aab575b24b37e7dee9"
  integrity sha512-ceZQSknTEcy3dOXoekv59LTCkXjvnLsq+VW5PeNNDHEPQbRS5Ervkm1EaDa7WLAjiYWMLuSQTRTHao1dEX4prg==

"@napi-rs/canvas-linux-arm-gnueabihf@1.0.9":
  version "1.0.9"
  resolved "https://registry.yarnpkg.com/@napi-rs/canvas-linux-arm-gnueabihf/-/canvas-linux-arm-gnueabihf-1.0.9.tgz#56da847aef1950ce5a789b02aa56322f6b67a47a"
  integrity sha512-XhfI0Wwv4llhd6nnWDtY3kQKjq0r+y1i91PlJlJI24ag2U9WrnwbG1qS3+fDLEyouwEVFchiKkTEHozK+5iUNA==

"@napi-rs/canvas-linux-arm64-gnu@1.0.9":
  version "1.0.9"
  resolved "https://registry.yarnpkg.com/@napi-rs/canvas-linux-arm64-gnu/-/canvas-linux-arm64-gnu-1.0.9.tgz#97793778847feae0695f8f95ce5b6e49f8b84212"
  integrity sha512-012oiYtKaE7i9oxc8q7nraT7kDOpLcaCmFLzVe9Ty34RHDdoDzbWLrVh827CNxYh/EADX1eSikA3ymLjo/nNuw==

"@napi-rs/canvas-linux-arm64-musl@1.0.9":
  version "1.0.9"
  resolved "https://registry.yarnpkg.com/@napi-rs/canvas-linux-arm64-musl/-/canvas-linux-arm64-musl-1.0.9.tgz#4c8b9084deee7d74e5e6d2db853e63b5e0a14778"
  integrity sha512-Ls5UWYFFn63casTZEczbeyEg3vRDRkv9lscuGwfchtY5yLLQhgOB8SN4YGxmfJ5vTaBwZ2YUxBS3NtmjJmFXdA==

"@napi-rs/canvas-linux-riscv64-gnu@1.0.9":
  version "1.0.9"
  resolved "https://registry.yarnpkg.com/@napi-rs/canvas-linux-riscv64-gnu/-/canvas-linux-riscv64-gnu-1.0.9.tgz#ebf4fa239e86714ebed983c51eaf0fff7586e163"
  integrity sha512-hLKEGxV7ZiRHqndePTokgDMdBlo/rDfzg7P4p4QIv9pUhuYobnu3R2NIFLCRghG0nwfo+s2sw+c1xZFeCmEAsw==

"@napi-rs/canvas-linux-x64-gnu@1.0.9":
  version "1.0.9"
  resolved "https://registry.yarnpkg.com/@napi-rs/canvas-linux-x64-gnu/-/canvas-linux-x64-gnu-1.0.9.tgz#b289cb190fb77a56af7320a51bdea475099dd590"
  integrity sha512-6kaz3w0QMy77PDWk6rJ1ksIihdad3qzEyX2o2oGT8GwCaypfT5mhjr8buOO5hstyLxcWXDScuz56RsINLtBPIQ==

"@napi-rs/canvas-linux-x64-musl@1.0.9":
  version "1.0.9"
  resolved "https://registry.yarnpkg.com/@napi-rs/canvas-linux-x64-musl/-/canvas-linux-x64-musl-1.0.9.tgz#9ec7a5cbf64c8a3930277027315819a99e1fb70f"
  integrity sha512-xrGvmS3v55hmZ86ls/kBLVNMUTYio3f6Ik0DireemG994VfPAwiA3ZXA0Uf1bByctkB3NQ1Sfb+H5bkdUnnzfQ==

"@napi-rs/canvas-win32-arm64-msvc@1.0.9":
  version "1.0.9"
  resolved "https://registry.yarnpkg.com/@napi-rs/canvas-win32-arm64-msvc/-/canvas-win32-arm64-msvc-1.0.9.tgz#4a49f15c92e11790f9f77d4129cc88c936903757"
  integrity sha512-yjmVS3ArZeRVCP7jqbPq4rpZa/BhTeI7ELE2XqJg3snICQBDevLZyArxswHkiTnT34KRic33/4fLirrHI+SY8A==

"@napi-rs/canvas-win32-x64-msvc@1.0.9":
  version "1.0.9"
  resolved "https://registry.yarnpkg.com/@napi-rs/canvas-win32-x64-msvc/-/canvas-win32-x64-msvc-1.0.9.tgz#1dcdb1ae2f54440d0865d97e435e09228b4b00a4"
  integrity sha512-QlSYQdMQslB81nlABo9wNfQ6npFhE7/O+saCZdqVGueGanyRk4jCogD5EwQenfP3kIq9e+mm6GreQBjX5MrA8g==

"@napi-rs/canvas@^1.0.0":
  version "1.0.9"
  resolved "https://registry.yarnpkg.com/@napi-rs/canvas/-/canvas-1.0.9.tgz#a68413eae629723b39bc586733abcd5bfaae3baf"
  integrity sha512-QviPdJImDi/jMAvBfqaw+19BndMd/sizXVW3NnpMd3VJGz++QXkOHcP9kWR/smHG0hNjHeyuHFyrx/5lD0oNcQ==
  optionalDependencies:
    "@napi-rs/canvas-android-arm64" "1.0.9"
    "@napi-rs/canvas-darwin-arm64" "1.0.9"
    "@napi-rs/canvas-darwin-x64" "1.0.9"
    "@napi-rs/canvas-linux-arm-gnueabihf" "1.0.9"
    "@napi-rs/canvas-linux-arm64-gnu" "1.0.9"
    "@napi-rs/canvas-linux-arm64-musl" "1.0.9"
    "@napi-rs/canvas-linux-riscv64-gnu" "1.0.9"
    "@napi-rs/canvas-linux-x64-gnu" "1.0.9"
    "@napi-rs/canvas-linux-x64-musl" "1.0.9"
    "@napi-rs/canvas-win32-arm64-msvc" "1.0.9"
    "@napi-rs/canvas-win32-x64-msvc" "1.0.9"

"@types/dom-mediacapture-transform@^0.1.11":
  version "0.1.12"
  resolved "https://registry.yarnpkg.com/@types/dom-mediacapture-transform/-/dom-mediacapture-transform-0.1.12.tgz#82fdc7aa2eb97a7a73e2df774080068bef2e599b"
  integrity sha512-d7/QsLRwF864A5mgIM/YrfiglHoYn7zgCcAoJgW404r+2DwnNr7EBbLnCWpmOMgH8y0te73L1AV6H1bmauaWFw==
  dependencies:
    "@types/dom-webcodecs" "*"

"@types/dom-webcodecs@*":
  version "0.1.19"
  resolved "https://registry.yarnpkg.com/@types/dom-webcodecs/-/dom-webcodecs-0.1.19.tgz#46479c9f47fb0024b762aa38987b38e3c31ac650"
  integrity sha512-+yFUIDUaASFz0vQpWBErPxun/Lb+F0TdrlTsj50gm7K797YzEx2TmV6fEiwciHyFNghlZYPgQXH5qRcwMHcJFQ==

"@types/dom-webcodecs@0.1.13":
  version "0.1.13"
  resolved "https://registry.yarnpkg.com/@types/dom-webcodecs/-/dom-webcodecs-0.1.13.tgz#d8be5da4f01b20721307b08ad2cca903ccf4f47f"
  integrity sha512-O5hkiFIcjjszPIYyUSyvScyvrBoV3NOEEZx/pMlsu44TKzWNkLVBBxnxJz42in5n3QIolYOcBYFCPZZ0h8SkwQ==

mediabunny@1.59.0:
  version "1.59.0"
  resolved "https://registry.yarnpkg.com/mediabunny/-/mediabunny-1.59.0.tgz#30dc2000e2a238dd3b778e1ad7b6163e5ab1db21"
  integrity sha512-m+nhRFI9gRQaDP22GCZwwL1nTtoAJtzHB7XzZmlff4P17+F/i5wZnDu4cc09a4ae5x41Px/C/GWdiROQHVM4eQ==
  dependencies:
    "@types/dom-mediacapture-transform" "^0.1.11"
    "@types/dom-webcodecs" "0.1.13"

pdfjs-dist@6.3.289:
  version "6.3.289"
  resolved "https://registry.yarnpkg.com/pdfjs-dist/-/pdfjs-dist-6.3.289.tgz#9e46d89489782a479f58d674ae5ddde8481aaa17"
  integrity sha512-ZHjSVpDa3D6izMq8/04lvkhkATUmL9px6ChPaXc1k6nU2Mrhlg1/7F0bdUqCwUjw3NsPTfPZsMDUU6ZIcRaeQw==
  optionalDependencies:
    "@napi-rs/canvas" "^1.0.0"

ws@8.20.1:
  version "8.20.1"
  resolved "https://registry.yarnpkg.com/ws/-/ws-8.20.1.tgz#91a9ae2b312ccf98e0a85ec499b48cef45ab0ddb"
  integrity sha512-It4dO0K5v//JtTXuPkfEOaI3uUN87iYPnqo/ZzqCoG3g8uhA66QUMs/SrM0YK7/NAu+r4LMh/9dq2A7k+rHs+w==
